{
  "name": "drone",
  "lockfileVersion": 3,
  "requires": true,
  "packages": {
    "": {
      "dependencies": {
        "modern-web-guidance": "^0.0.170"
      }
    },
    "node_modules/modern-web-guidance": {
      "version": "0.0.170",
      "resolved": "https://registry.npmjs.org/modern-web-guidance/-/modern-web-guidance-0.0.170.tgz",
      "integrity": "sha512-qJIDJ6omtwC2YiZEyEhlIB6cGgTSpqtEHEBlAcv9E0XVuIdo+TGJEXKT9iKCOa0T5G1NbDUs7SjNjV8z6XkpjQ==",
      "license": "Apache-2.0",
      "bin": {
        "modern-web-guidance": "skills/modern-web-guidance/modern-web.mjs"
      },
      "engines": {
        "node": ">=20.0.0",
        "vscode": "^1.90.0"
      }
    }
  }
}
